
Microsoft Visual Studio Solution File, Format Version 12.00
# Visual Studio Version 16
VisualStudioVersion = 16.0.30011.22
MinimumVisualStudioVersion = 10.0.40219.1
Project("{FAE04EC0-301F-11D3-BF4B-00C04F79EFBC}") = "WedAp_Core", "WedAp_Core.csproj", "{038148D5-0E1D-40E3-AC7A-B674FA235502}"
EndProject
Global
	GlobalSection(SolutionConfigurationPlatforms) = preSolution
		Debug|Any CPU = Debug|Any CPU
		Release|Any CPU = Release|Any CPU
	EndGlobalSection
	GlobalSection(ProjectConfigurationPlatforms) = postSolution
		{038148D5-0E1D-40E3-AC7A-B674FA235502}.Debug|Any CPU.ActiveCfg = Debug|Any CPU
		{038148D5-0E1D-40E3-AC7A-B674FA235502}.Debug|Any CPU.Build.0 = Debug|Any CPU
		{038148D5-0E1D-40E3-AC7A-B674FA235502}.Release|Any CPU.ActiveCfg = Release|Any CPU
		{038148D5-0E1D-40E3-AC7A-B674FA235502}.Release|Any CPU.Build.0 = Release|Any CPU
	EndGlobalSection
	GlobalSection(SolutionProperties) = preSolution
		HideSolutionNode = FALSE
	EndGlobalSection
	GlobalSection(ExtensibilityGlobals) = postSolution
		SolutionGuid = {17E78C7D-40F8-466A-BFD6-3F9C186FFF54}
	EndGlobalSection
EndGlobal
